
Microsoft Visual Studio Solution File, Format Version 12.00
# Visual Studio 2013
Project("{FAE04EC0-301F-11D3-BF4B-00C04F79EFBC}") = "UnityVS.IAJ Movimento 1.CSharp", "UnityVS.IAJ Movimento 1.CSharp.csproj", "{103DB6C3-69A3-6D7C-3688-101DA400BD9E}"
EndProject
Project("{FAE04EC0-301F-11D3-BF4B-00C04F79EFBC}") = "UnityVS.IAJ Movimento 1.CSharp.Editor", "UnityVS.IAJ Movimento 1.CSharp.Editor.csproj", "{95909D2F-7905-7D72-D561-E98F761851CA}"
EndProject
Global
	GlobalSection(SolutionConfigurationPlatforms) = preSolution
		Debug|Any CPU = Debug|Any CPU
		Release|Any CPU = Release|Any CPU
	EndGlobalSection
	GlobalSection(ProjectConfigurationPlatforms) = postSolution
		{103DB6C3-69A3-6D7C-3688-101DA400BD9E}.Debug|Any CPU.ActiveCfg = Debug|Any CPU
		{103DB6C3-69A3-6D7C-3688-101DA400BD9E}.Debug|Any CPU.Build.0 = Debug|Any CPU
		{103DB6C3-69A3-6D7C-3688-101DA400BD9E}.Release|Any CPU.ActiveCfg = Release|Any CPU
		{103DB6C3-69A3-6D7C-3688-101DA400BD9E}.Release|Any CPU.Build.0 = Release|Any CPU
		{95909D2F-7905-7D72-D561-E98F761851CA}.Debug|Any CPU.ActiveCfg = Debug|Any CPU
		{95909D2F-7905-7D72-D561-E98F761851CA}.Debug|Any CPU.Build.0 = Debug|Any CPU
		{95909D2F-7905-7D72-D561-E98F761851CA}.Release|Any CPU.ActiveCfg = Release|Any CPU
		{95909D2F-7905-7D72-D561-E98F761851CA}.Release|Any CPU.Build.0 = Release|Any CPU
	EndGlobalSection
	GlobalSection(SolutionProperties) = preSolution
		HideSolutionNode = FALSE
	EndGlobalSection
EndGlobal
