
Microsoft Visual Studio Solution File, Format Version 12.00
# Visual Studio 2015
Project("{FAE04EC0-301F-11D3-BF4B-00C04F79EFBC}") = "Projecto.CSharp", "Projecto.CSharp.csproj", "{78E7CA25-0382-9C91-9C83-1CA162F71330}"
EndProject
Project("{FAE04EC0-301F-11D3-BF4B-00C04F79EFBC}") = "Projecto.CSharp.Editor", "Projecto.CSharp.Editor.csproj", "{3309A892-0CBE-9403-2F5D-22304ED6EA4F}"
EndProject
Global
	GlobalSection(SolutionConfigurationPlatforms) = preSolution
		Debug|Any CPU = Debug|Any CPU
		Release|Any CPU = Release|Any CPU
	EndGlobalSection
	GlobalSection(ProjectConfigurationPlatforms) = postSolution
		{78E7CA25-0382-9C91-9C83-1CA162F71330}.Debug|Any CPU.ActiveCfg = Debug|Any CPU
		{78E7CA25-0382-9C91-9C83-1CA162F71330}.Debug|Any CPU.Build.0 = Debug|Any CPU
		{78E7CA25-0382-9C91-9C83-1CA162F71330}.Release|Any CPU.ActiveCfg = Release|Any CPU
		{78E7CA25-0382-9C91-9C83-1CA162F71330}.Release|Any CPU.Build.0 = Release|Any CPU
		{3309A892-0CBE-9403-2F5D-22304ED6EA4F}.Debug|Any CPU.ActiveCfg = Debug|Any CPU
		{3309A892-0CBE-9403-2F5D-22304ED6EA4F}.Debug|Any CPU.Build.0 = Debug|Any CPU
		{3309A892-0CBE-9403-2F5D-22304ED6EA4F}.Release|Any CPU.ActiveCfg = Release|Any CPU
		{3309A892-0CBE-9403-2F5D-22304ED6EA4F}.Release|Any CPU.Build.0 = Release|Any CPU
	EndGlobalSection
	GlobalSection(SolutionProperties) = preSolution
		HideSolutionNode = FALSE
	EndGlobalSection
EndGlobal
